openapi: 3.0.3
info:
  title: NEAR Data API - Block
  version: 3.0.3
  description: Fetch the finalized block document for a given height, including all chunks and shard data.
paths:
  /v0/block/{block_height}:
    get:
      description: Fetch the finalized block document for a given height, including all chunks and shard data.
      operationId: get_block
      parameters:
        - description: NEAR block height to retrieve.
          example: "50000000"
          in: path
          name: block_height
          required: true
          schema:
            type: string
        - description: Optional FastNEAR subscription API key. Invalid values may return `401` before redirect handling.
          in: query
          name: apiKey
          required: false
          schema:
            type: string
      responses:
        "200":
          content:
            application/json:
              schema:
                additionalProperties: true
                description: Full block document as served by neardata, including `block` and `shards`.
                nullable: true
                type: object
          description: Requested document, or `null` when the selected slice is absent
        "302":
          description: Redirect to a canonical archive or finalized block URL
          headers:
            Location:
              schema:
                type: string
        "401":
          content:
            text/plain:
              example: Unauthorized
              schema:
                type: string
          description: Invalid or unauthorized API key
        "404":
          content:
            application/json:
              example:
                error: The block does not exist in this archive range
                type: BLOCK_DOES_NOT_EXIST
              schema:
                $ref: "#/components/schemas/BlockErrorResponse"
          description: Structured block-height error
        "500":
          content:
            application/json:
              schema:
                type: string
          description: Cache or internal data error
      summary: Fetch a finalized block by height
      tags:
        - blocks
servers:
  - description: Mainnet
    url: https://mainnet.neardata.xyz
  - description: Testnet
    url: https://testnet.neardata.xyz
components:
  schemas:
    BlockErrorResponse:
      additionalProperties: false
      properties:
        error:
          type: string
        type:
          $ref: "#/components/schemas/BlockErrorType"
      required:
        - error
        - type
      type: object
    BlockErrorType:
      enum:
        - BLOCK_HEIGHT_TOO_HIGH
        - BLOCK_HEIGHT_TOO_LOW
        - BLOCK_DOES_NOT_EXIST
      type: string
    HealthResponse:
      additionalProperties: false
      properties:
        status:
          type: string
      required:
        - status
      type: object
