openapi: 3.0.3
info:
  title: NEAR Data API - First Block
  version: 3.0.3
  description: This endpoint redirects to the canonical first block URL for the selected network.
paths:
  /v0/first_block:
    get:
      description: This endpoint redirects to the canonical first block URL for the selected network.
      operationId: get_first_block
      parameters:
        - description: Optional FastNEAR subscription API key. Invalid values may return `401` before redirect handling.
          in: query
          name: apiKey
          required: false
          schema:
            type: string
      responses:
        "200":
          content:
            application/json:
              schema:
                additionalProperties: true
                description: Full block document as served by neardata, including `block` and `shards`.
                nullable: true
                type: object
          description: Full block document returned after automatic redirect following
        "302":
          description: Redirect to the canonical first block URL
          headers:
            Location:
              schema:
                type: string
        "401":
          content:
            text/plain:
              example: Unauthorized
              schema:
                type: string
          description: Invalid or unauthorized API key
      summary: Redirect to the first block after genesis
      tags:
        - blocks
servers:
  - description: Mainnet
    url: https://mainnet.neardata.xyz
  - description: Testnet
    url: https://testnet.neardata.xyz
components:
  schemas:
    BlockErrorResponse:
      additionalProperties: false
      properties:
        error:
          type: string
        type:
          $ref: "#/components/schemas/BlockErrorType"
      required:
        - error
        - type
      type: object
    BlockErrorType:
      enum:
        - BLOCK_HEIGHT_TOO_HIGH
        - BLOCK_HEIGHT_TOO_LOW
        - BLOCK_DOES_NOT_EXIST
      type: string
    HealthResponse:
      additionalProperties: false
      properties:
        status:
          type: string
      required:
        - status
      type: object
